
Microsoft Visual Studio Solution File, Format Version 12.00
# Visual Studio 15
Project("{FAE04EC0-301F-11D3-BF4B-00C04F79EFBC}") = "Assembly-CSharp", "Assembly-CSharp.csproj", "{494C0011-BC8B-C140-ADDC-4A409959DE2B}"
EndProject
Project("{FAE04EC0-301F-11D3-BF4B-00C04F79EFBC}") = "Assembly-CSharp-Editor", "Assembly-CSharp-Editor.csproj", "{CA56ED8B-CD6B-1814-19CD-C0417E29BF77}"
EndProject
Global
	GlobalSection(SolutionConfigurationPlatforms) = preSolution
		Debug|Any CPU = Debug|Any CPU
		Release|Any CPU = Release|Any CPU
	EndGlobalSection
	GlobalSection(ProjectConfigurationPlatforms) = postSolution
		{494C0011-BC8B-C140-ADDC-4A409959DE2B}.Debug|Any CPU.ActiveCfg = Debug|Any CPU
		{494C0011-BC8B-C140-ADDC-4A409959DE2B}.Debug|Any CPU.Build.0 = Debug|Any CPU
		{494C0011-BC8B-C140-ADDC-4A409959DE2B}.Release|Any CPU.ActiveCfg = Release|Any CPU
		{494C0011-BC8B-C140-ADDC-4A409959DE2B}.Release|Any CPU.Build.0 = Release|Any CPU
		{CA56ED8B-CD6B-1814-19CD-C0417E29BF77}.Debug|Any CPU.ActiveCfg = Debug|Any CPU
		{CA56ED8B-CD6B-1814-19CD-C0417E29BF77}.Debug|Any CPU.Build.0 = Debug|Any CPU
		{CA56ED8B-CD6B-1814-19CD-C0417E29BF77}.Release|Any CPU.ActiveCfg = Release|Any CPU
		{CA56ED8B-CD6B-1814-19CD-C0417E29BF77}.Release|Any CPU.Build.0 = Release|Any CPU
	EndGlobalSection
	GlobalSection(SolutionProperties) = preSolution
		HideSolutionNode = FALSE
	EndGlobalSection
EndGlobal
